
Microsoft Visual Studio Solution File, Format Version 12.00
# Visual Studio Version 17
VisualStudioVersion = 17.11.35312.102
MinimumVisualStudioVersion = 10.0.40219.1
Project("{FAE04EC0-301F-11D3-BF4B-00C04F79EFBC}") = "Assignmnet1", "Assignmnet1\Assignmnet1.csproj", "{0A258CC2-E244-42AC-9D5E-2BD925AF4729}"
EndProject
Global
	GlobalSection(SolutionConfigurationPlatforms) = preSolution
		Debug|Any CPU = Debug|Any CPU
		Release|Any CPU = Release|Any CPU
	EndGlobalSection
	GlobalSection(ProjectConfigurationPlatforms) = postSolution
		{0A258CC2-E244-42AC-9D5E-2BD925AF4729}.Debug|Any CPU.ActiveCfg = Debug|Any CPU
		{0A258CC2-E244-42AC-9D5E-2BD925AF4729}.Debug|Any CPU.Build.0 = Debug|Any CPU
		{0A258CC2-E244-42AC-9D5E-2BD925AF4729}.Release|Any CPU.ActiveCfg = Release|Any CPU
		{0A258CC2-E244-42AC-9D5E-2BD925AF4729}.Release|Any CPU.Build.0 = Release|Any CPU
	EndGlobalSection
	GlobalSection(SolutionProperties) = preSolution
		HideSolutionNode = FALSE
	EndGlobalSection
	GlobalSection(ExtensibilityGlobals) = postSolution
		SolutionGuid = {03294E3B-295A-49B2-B92F-4B9775E11E41}
	EndGlobalSection
EndGlobal
